
Microsoft Visual Studio Solution File, Format Version 12.00
# Visual Studio Version 17
VisualStudioVersion = 17.3.32519.111
MinimumVisualStudioVersion = 10.0.40219.1
Project("{FAE04EC0-301F-11D3-BF4B-00C04F79EFBC}") = "YouTubeClone", "YouTubeClone\YouTubeClone.csproj", "{BBA9FEB6-3101-4882-84F0-88D2B96086C3}"
EndProject
Global
	GlobalSection(SolutionConfigurationPlatforms) = preSolution
		Debug|Any CPU = Debug|Any CPU
		Release|Any CPU = Release|Any CPU
	EndGlobalSection
	GlobalSection(ProjectConfigurationPlatforms) = postSolution
		{BBA9FEB6-3101-4882-84F0-88D2B96086C3}.Debug|Any CPU.ActiveCfg = Debug|Any CPU
		{BBA9FEB6-3101-4882-84F0-88D2B96086C3}.Debug|Any CPU.Build.0 = Debug|Any CPU
		{BBA9FEB6-3101-4882-84F0-88D2B96086C3}.Release|Any CPU.ActiveCfg = Release|Any CPU
		{BBA9FEB6-3101-4882-84F0-88D2B96086C3}.Release|Any CPU.Build.0 = Release|Any CPU
	EndGlobalSection
	GlobalSection(SolutionProperties) = preSolution
		HideSolutionNode = FALSE
	EndGlobalSection
	GlobalSection(ExtensibilityGlobals) = postSolution
		SolutionGuid = {1E13C1A5-B004-44AF-A533-858D75A5956E}
	EndGlobalSection
EndGlobal
